// !$*UTF8*$!
{
	archiveVersion = 1;
	classes = {
	};
	objectVersion = 50;
	objects = {

/* Begin PBXBuildFile section */
		6A2CE61A21B75EB0004AC951 /* messageDetailCell.swift in Sources */ = {isa = PBXBuildFile; fileRef = 6A2CE61921B75EB0004AC951 /* messageDetailCell.swift */; };
		6A2CE61C21B760A4004AC951 /* MessageDetail.swift in Sources */ = {isa = PBXBuildFile; fileRef = 6A2CE61B21B760A4004AC951 /* MessageDetail.swift */; };
		6A2CE61E21B7CC2C004AC951 /* Compose.swift in Sources */ = {isa = PBXBuildFile; fileRef = 6A2CE61D21B7CC2C004AC951 /* Compose.swift */; };
		6A2E34D021B5E180002E2344 /* LoginScreen.swift in Sources */ = {isa = PBXBuildFile; fileRef = 6A2E34CF21B5E180002E2344 /* LoginScreen.swift */; };
		6A2E34D321B5E8A7002E2344 /* Test Photo.jpg in Resources */ = {isa = PBXBuildFile; fileRef = 6A2E34D221B5E8A7002E2344 /* Test Photo.jpg */; };
		6A2E34D521B5EAC8002E2344 /* NF Messaging Login Background.jpg in Resources */ = {isa = PBXBuildFile; fileRef = 6A2E34D421B5EAC8002E2344 /* NF Messaging Login Background.jpg */; };
		6A2E34D721B5ECDF002E2344 /* NF Messaging Title.png in Resources */ = {isa = PBXBuildFile; fileRef = 6A2E34D621B5ECDF002E2344 /* NF Messaging Title.png */; };
		6A2E34E121B610DB002E2344 /* NF Title.png in Resources */ = {isa = PBXBuildFile; fileRef = 6A2E34E021B610DA002E2344 /* NF Title.png */; };
		6A2E34E321B61E52002E2344 /* Username Icon.png in Resources */ = {isa = PBXBuildFile; fileRef = 6A2E34E221B61E52002E2344 /* Username Icon.png */; };
		6A2E34E521B61E63002E2344 /* Password Icon.png in Resources */ = {isa = PBXBuildFile; fileRef = 6A2E34E421B61E63002E2344 /* Password Icon.png */; };
		6A2E34E721B62E33002E2344 /* ForgotPasswordScreen.swift in Sources */ = {isa = PBXBuildFile; fileRef = 6A2E34E621B62E33002E2344 /* ForgotPasswordScreen.swift */; };
		6A2E34E921B62E54002E2344 /* CreatAccountScreen.swift in Sources */ = {isa = PBXBuildFile; fileRef = 6A2E34E821B62E54002E2344 /* CreatAccountScreen.swift */; };
		6A2E34EB21B62E92002E2344 /* HomeScreen.swift in Sources */ = {isa = PBXBuildFile; fileRef = 6A2E34EA21B62E92002E2344 /* HomeScreen.swift */; };
		6A2E34EF21B633E6002E2344 /* Cancel Icon.png in Resources */ = {isa = PBXBuildFile; fileRef = 6A2E34EE21B633E6002E2344 /* Cancel Icon.png */; };
		6A2E34F121B63FF2002E2344 /* Sign In Title.png in Resources */ = {isa = PBXBuildFile; fileRef = 6A2E34F021B63FF2002E2344 /* Sign In Title.png */; };
		6A2E34F321B64069002E2344 /* Sign Up Title.png in Resources */ = {isa = PBXBuildFile; fileRef = 6A2E34F221B64069002E2344 /* Sign Up Title.png */; };
		6A2E34F721B6427A002E2344 /* Create Account Title.png in Resources */ = {isa = PBXBuildFile; fileRef = 6A2E34F621B64279002E2344 /* Create Account Title.png */; };
		6A2E34F921B64384002E2344 /* Forgot Password Title.png in Resources */ = {isa = PBXBuildFile; fileRef = 6A2E34F821B64384002E2344 /* Forgot Password Title.png */; };
		6A31A23321C1D9B20065EAF8 /* App Icon.png in Resources */ = {isa = PBXBuildFile; fileRef = 6A31A23221C1D9B20065EAF8 /* App Icon.png */; };
		6A31A23721C2E9AB0065EAF8 /* Alert.swift in Sources */ = {isa = PBXBuildFile; fileRef = 6A31A23621C2E9AB0065EAF8 /* Alert.swift */; };
		6A31A24121C46FD40065EAF8 /* Error Code.jpg in Resources */ = {isa = PBXBuildFile; fileRef = 6A31A24021C46FD40065EAF8 /* Error Code.jpg */; };
		6A31A24321C46FDC0065EAF8 /* Success Error.jpg in Resources */ = {isa = PBXBuildFile; fileRef = 6A31A24221C46FDC0065EAF8 /* Success Error.jpg */; };
		6A31A24521C476AB0065EAF8 /* App Background Update.jpeg in Resources */ = {isa = PBXBuildFile; fileRef = 6A31A24421C476AB0065EAF8 /* App Background Update.jpeg */; };
		6AB631F521B5D50F00075BAA /* AppDelegate.swift in Sources */ = {isa = PBXBuildFile; fileRef = 6AB631F421B5D50F00075BAA /* AppDelegate.swift */; };
		6AB631FA21B5D50F00075BAA /* Main.storyboard in Resources */ = {isa = PBXBuildFile; fileRef = 6AB631F821B5D50F00075BAA /* Main.storyboard */; };
		6AB631FC21B5D51100075BAA /* Assets.xcassets in Resources */ = {isa = PBXBuildFile; fileRef = 6AB631FB21B5D51100075BAA /* Assets.xcassets */; };
		6AB631FF21B5D51100075BAA /* LaunchScreen.storyboard in Resources */ = {isa = PBXBuildFile; fileRef = 6AB631FD21B5D51100075BAA /* LaunchScreen.storyboard */; };
		6AB6320721B5DB2B00075BAA /* GoogleService-Info.plist in Resources */ = {isa = PBXBuildFile; fileRef = 6AB6320621B5DB2B00075BAA /* GoogleService-Info.plist */; };
		73D760B335A15585DAC3E55B /* Pods_NF_Messaging.framework in Frameworks */ = {isa = PBXBuildFile; fileRef = D61BF6F8AAD53A3E60E2A3A3 /* Pods_NF_Messaging.framework */; };
/* End PBXBuildFile section */

/* Begin PBXFileReference section */
		6A2CE61921B75EB0004AC951 /* messageDetailCell.swift */ = {isa = PBXFileReference; lastKnownFileType = sourcecode.swift; path = messageDetailCell.swift; sourceTree = "<group>"; };
		6A2CE61B21B760A4004AC951 /* MessageDetail.swift */ = {isa = PBXFileReference; lastKnownFileType = sourcecode.swift; path = MessageDetail.swift; sourceTree = "<group>"; };
		6A2CE61D21B7CC2C004AC951 /* Compose.swift */ = {isa = PBXFileReference; lastKnownFileType = sourcecode.swift; path = Compose.swift; sourceTree = "<group>"; };
		6A2E34CF21B5E180002E2344 /* LoginScreen.swift */ = {isa = PBXFileReference; lastKnownFileType = sourcecode.swift; path = LoginScreen.swift; sourceTree = "<group>"; };
		6A2E34D221B5E8A7002E2344 /* Test Photo.jpg */ = {isa = PBXFileReference; lastKnownFileType = image.jpeg; path = "Test Photo.jpg"; sourceTree = "<group>"; };
		6A2E34D421B5EAC8002E2344 /* NF Messaging Login Background.jpg */ = {isa = PBXFileReference; lastKnownFileType = image.jpeg; path = "NF Messaging Login Background.jpg"; sourceTree = "<group>"; };
		6A2E34D621B5ECDF002E2344 /* NF Messaging Title.png */ = {isa = PBXFileReference; lastKnownFileType = image.png; path = "NF Messaging Title.png"; sourceTree = "<group>"; };
		6A2E34E021B610DA002E2344 /* NF Title.png */ = {isa = PBXFileReference; lastKnownFileType = image.png; name = "NF Title.png"; path = "../../../NF Title.png"; sourceTree = "<group>"; };
		6A2E34E221B61E52002E2344 /* Username Icon.png */ = {isa = PBXFileReference; lastKnownFileType = image.png; path = "Username Icon.png"; sourceTree = "<group>"; };
		6A2E34E421B61E63002E2344 /* Password Icon.png */ = {isa = PBXFileReference; lastKnownFileType = image.png; path = "Password Icon.png"; sourceTree = "<group>"; };
		6A2E34E621B62E33002E2344 /* ForgotPasswordScreen.swift */ = {isa = PBXFileReference; lastKnownFileType = sourcecode.swift; path = ForgotPasswordScreen.swift; sourceTree = "<group>"; };
		6A2E34E821B62E54002E2344 /* CreatAccountScreen.swift */ = {isa = PBXFileReference; lastKnownFileType = sourcecode.swift; path = CreatAccountScreen.swift; sourceTree = "<group>"; };
		6A2E34EA21B62E92002E2344 /* HomeScreen.swift */ = {isa = PBXFileReference; lastKnownFileType = sourcecode.swift; path = HomeScreen.swift; sourceTree = "<group>"; };
		6A2E34EE21B633E6002E2344 /* Cancel Icon.png */ = {isa = PBXFileReference; lastKnownFileType = image.png; path = "Cancel Icon.png"; sourceTree = "<group>"; };
		6A2E34F021B63FF2002E2344 /* Sign In Title.png */ = {isa = PBXFileReference; lastKnownFileType = image.png; path = "Sign In Title.png"; sourceTree = "<group>"; };
		6A2E34F221B64069002E2344 /* Sign Up Title.png */ = {isa = PBXFileReference; lastKnownFileType = image.png; path = "Sign Up Title.png"; sourceTree = "<group>"; };
		6A2E34F621B64279002E2344 /* Create Account Title.png */ = {isa = PBXFileReference; lastKnownFileType = image.png; name = "Create Account Title.png"; path = "../../../Create Account Title.png"; sourceTree = "<group>"; };
		6A2E34F821B64384002E2344 /* Forgot Password Title.png */ = {isa = PBXFileReference; lastKnownFileType = image.png; path = "Forgot Password Title.png"; sourceTree = "<group>"; };
		6A31A23221C1D9B20065EAF8 /* App Icon.png */ = {isa = PBXFileReference; lastKnownFileType = image.png; path = "App Icon.png"; sourceTree = "<group>"; };
		6A31A23621C2E9AB0065EAF8 /* Alert.swift */ = {isa = PBXFileReference; lastKnownFileType = sourcecode.swift; path = Alert.swift; sourceTree = "<group>"; };
		6A31A24021C46FD40065EAF8 /* Error Code.jpg */ = {isa = PBXFileReference; lastKnownFileType = image.jpeg; name = "Error Code.jpg"; path = "../../../Error Code.jpg"; sourceTree = "<group>"; };
		6A31A24221C46FDC0065EAF8 /* Success Error.jpg */ = {isa = PBXFileReference; lastKnownFileType = image.jpeg; name = "Success Error.jpg"; path = "../../../Success Error.jpg"; sourceTree = "<group>"; };
		6A31A24421C476AB0065EAF8 /* App Background Update.jpeg */ = {isa = PBXFileReference; lastKnownFileType = image.jpeg; path = "App Background Update.jpeg"; sourceTree = "<group>"; };
		6AB631F121B5D50F00075BAA /* NF Messaging.app */ = {isa = PBXFileReference; explicitFileType = wrapper.application; includeInIndex = 0; path = "NF Messaging.app"; sourceTree = BUILT_PRODUCTS_DIR; };
		6AB631F421B5D50F00075BAA /* AppDelegate.swift */ = {isa = PBXFileReference; lastKnownFileType = sourcecode.swift; path = AppDelegate.swift; sourceTree = "<group>"; };
		6AB631F921B5D50F00075BAA /* Base */ = {isa = PBXFileReference; lastKnownFileType = file.storyboard; name = Base; path = Base.lproj/Main.storyboard; sourceTree = "<group>"; };
		6AB631FB21B5D51100075BAA /* Assets.xcassets */ = {isa = PBXFileReference; lastKnownFileType = folder.assetcatalog; path = Assets.xcassets; sourceTree = "<group>"; };
		6AB631FE21B5D51100075BAA /* Base */ = {isa = PBXFileReference; lastKnownFileType = file.storyboard; name = Base; path = Base.lproj/LaunchScreen.storyboard; sourceTree = "<group>"; };
		6AB6320021B5D51100075BAA /* Info.plist */ = {isa = PBXFileReference; lastKnownFileType = text.plist.xml; path = Info.plist; sourceTree = "<group>"; };
		6AB6320621B5DB2B00075BAA /* GoogleService-Info.plist */ = {isa = PBXFileReference; fileEncoding = 4; lastKnownFileType = text.plist.xml; path = "GoogleService-Info.plist"; sourceTree = "<group>"; };
		8816DE527EF73854B129F65E /* Pods-NF Messaging.debug.xcconfig */ = {isa = PBXFileReference; includeInIndex = 1; lastKnownFileType = text.xcconfig; name = "Pods-NF Messaging.debug.xcconfig"; path = "Pods/Target Support Files/Pods-NF Messaging/Pods-NF Messaging.debug.xcconfig"; sourceTree = "<group>"; };
		D61BF6F8AAD53A3E60E2A3A3 /* Pods_NF_Messaging.framework */ = {isa = PBXFileReference; explicitFileType = wrapper.framework; includeInIndex = 0; path = Pods_NF_Messaging.framework; sourceTree = BUILT_PRODUCTS_DIR; };
		F6F5F932B6D3A8B556525CB4 /* Pods-NF Messaging.release.xcconfig */ = {isa = PBXFileReference; includeInIndex = 1; lastKnownFileType = text.xcconfig; name = "Pods-NF Messaging.release.xcconfig"; path = "Pods/Target Support Files/Pods-NF Messaging/Pods-NF Messaging.release.xcconfig"; sourceTree = "<group>"; };
/* End PBXFileReference section */

/* Begin PBXFrameworksBuildPhase section */
		6AB631EE21B5D50F00075BAA /* Frameworks */ = {
			isa = PBXFrameworksBuildPhase;
			buildActionMask = 2147483647;
			files = (
				73D760B335A15585DAC3E55B /* Pods_NF_Messaging.framework in Frameworks */,
			);
			runOnlyForDeploymentPostprocessing = 0;
		};
/* End PBXFrameworksBuildPhase section */

/* Begin PBXGroup section */
		1A395DBE01670829FCFA84F8 /* Pods */ = {
			isa = PBXGroup;
			children = (
				8816DE527EF73854B129F65E /* Pods-NF Messaging.debug.xcconfig */,
				F6F5F932B6D3A8B556525CB4 /* Pods-NF Messaging.release.xcconfig */,
			);
			name = Pods;
			sourceTree = "<group>";
		};
		2813F75B20D6270E8B2095B0 /* Frameworks */ = {
			isa = PBXGroup;
			children = (
				D61BF6F8AAD53A3E60E2A3A3 /* Pods_NF_Messaging.framework */,
			);
			name = Frameworks;
			sourceTree = "<group>";
		};
		6A2E34D121B5E89E002E2344 /* Photos */ = {
			isa = PBXGroup;
			children = (
				6A31A24421C476AB0065EAF8 /* App Background Update.jpeg */,
				6A31A24021C46FD40065EAF8 /* Error Code.jpg */,
				6A31A24221C46FDC0065EAF8 /* Success Error.jpg */,
				6A31A23221C1D9B20065EAF8 /* App Icon.png */,
				6A2E34EE21B633E6002E2344 /* Cancel Icon.png */,
				6A2E34F621B64279002E2344 /* Create Account Title.png */,
				6A2E34F221B64069002E2344 /* Sign Up Title.png */,
				6A2E34F021B63FF2002E2344 /* Sign In Title.png */,
				6A2E34F821B64384002E2344 /* Forgot Password Title.png */,
				6A2E34E021B610DA002E2344 /* NF Title.png */,
				6A2E34E421B61E63002E2344 /* Password Icon.png */,
				6A2E34E221B61E52002E2344 /* Username Icon.png */,
				6A2E34D221B5E8A7002E2344 /* Test Photo.jpg */,
				6A2E34D621B5ECDF002E2344 /* NF Messaging Title.png */,
				6A2E34D421B5EAC8002E2344 /* NF Messaging Login Background.jpg */,
			);
			path = Photos;
			sourceTree = "<group>";
		};
		6AB631E821B5D50F00075BAA = {
			isa = PBXGroup;
			children = (
				6AB631F321B5D50F00075BAA /* NF Messaging */,
				6AB631F221B5D50F00075BAA /* Products */,
				1A395DBE01670829FCFA84F8 /* Pods */,
				2813F75B20D6270E8B2095B0 /* Frameworks */,
			);
			sourceTree = "<group>";
		};
		6AB631F221B5D50F00075BAA /* Products */ = {
			isa = PBXGroup;
			children = (
				6AB631F121B5D50F00075BAA /* NF Messaging.app */,
			);
			name = Products;
			sourceTree = "<group>";
		};
		6AB631F321B5D50F00075BAA /* NF Messaging */ = {
			isa = PBXGroup;
			children = (
				6AB631F421B5D50F00075BAA /* AppDelegate.swift */,
				6AB631F821B5D50F00075BAA /* Main.storyboard */,
				6A2E34CF21B5E180002E2344 /* LoginScreen.swift */,
				6A31A23621C2E9AB0065EAF8 /* Alert.swift */,
				6A2E34E821B62E54002E2344 /* CreatAccountScreen.swift */,
				6A2CE61921B75EB0004AC951 /* messageDetailCell.swift */,
				6A2CE61B21B760A4004AC951 /* MessageDetail.swift */,
				6A2CE61D21B7CC2C004AC951 /* Compose.swift */,
				6A2E34EA21B62E92002E2344 /* HomeScreen.swift */,
				6A2E34E621B62E33002E2344 /* ForgotPasswordScreen.swift */,
				6AB631FB21B5D51100075BAA /* Assets.xcassets */,
				6AB631FD21B5D51100075BAA /* LaunchScreen.storyboard */,
				6AB6320021B5D51100075BAA /* Info.plist */,
				6AB6320621B5DB2B00075BAA /* GoogleService-Info.plist */,
				6A2E34D121B5E89E002E2344 /* Photos */,
			);
			path = "NF Messaging";
			sourceTree = "<group>";
		};
/* End PBXGroup section */

/* Begin PBXNativeTarget section */
		6AB631F021B5D50F00075BAA /* NF Messaging */ = {
			isa = PBXNativeTarget;
			buildConfigurationList = 6AB6320321B5D51100075BAA /* Build configuration list for PBXNativeTarget "NF Messaging" */;
			buildPhases = (
				EBB703796FFC83ABE8893EB4 /* [CP] Check Pods Manifest.lock */,
				6AB631ED21B5D50F00075BAA /* Sources */,
				6AB631EE21B5D50F00075BAA /* Frameworks */,
				6AB631EF21B5D50F00075BAA /* Resources */,
				39DA1FAFF6294C13784844CD /* [CP] Embed Pods Frameworks */,
				2C69A0F3D62D93E57D4B89C1 /* [CP] Copy Pods Resources */,
			);
			buildRules = (
			);
			dependencies = (
			);
			name = "NF Messaging";
			productName = "NF Messaging";
			productReference = 6AB631F121B5D50F00075BAA /* NF Messaging.app */;
			productType = "com.apple.product-type.application";
		};
/* End PBXNativeTarget section */

/* Begin PBXProject section */
		6AB631E921B5D50F00075BAA /* Project object */ = {
			isa = PBXProject;
			attributes = {
				LastSwiftUpdateCheck = 1010;
				LastUpgradeCheck = 1010;
				ORGANIZATIONNAME = "Nolan Fuchs";
				TargetAttributes = {
					6AB631F021B5D50F00075BAA = {
						CreatedOnToolsVersion = 10.1;
					};
				};
			};
			buildConfigurationList = 6AB631EC21B5D50F00075BAA /* Build configuration list for PBXProject "NF Messaging" */;
			compatibilityVersion = "Xcode 9.3";
			developmentRegion = en;
			hasScannedForEncodings = 0;
			knownRegions = (
				en,
				Base,
			);
			mainGroup = 6AB631E821B5D50F00075BAA;
			productRefGroup = 6AB631F221B5D50F00075BAA /* Products */;
			projectDirPath = "";
			projectRoot = "";
			targets = (
				6AB631F021B5D50F00075BAA /* NF Messaging */,
			);
		};
/* End PBXProject section */

/* Begin PBXResourcesBuildPhase section */
		6AB631EF21B5D50F00075BAA /* Resources */ = {
			isa = PBXResourcesBuildPhase;
			buildActionMask = 2147483647;
			files = (
				6A2E34E321B61E52002E2344 /* Username Icon.png in Resources */,
				6A2E34F321B64069002E2344 /* Sign Up Title.png in Resources */,
				6AB6320721B5DB2B00075BAA /* GoogleService-Info.plist in Resources */,
				6A2E34D521B5EAC8002E2344 /* NF Messaging Login Background.jpg in Resources */,
				6A2E34F721B6427A002E2344 /* Create Account Title.png in Resources */,
				6A2E34D721B5ECDF002E2344 /* NF Messaging Title.png in Resources */,
				6A2E34F921B64384002E2344 /* Forgot Password Title.png in Resources */,
				6A2E34D321B5E8A7002E2344 /* Test Photo.jpg in Resources */,
				6A2E34EF21B633E6002E2344 /* Cancel Icon.png in Resources */,
				6A31A23321C1D9B20065EAF8 /* App Icon.png in Resources */,
				6A2E34F121B63FF2002E2344 /* Sign In Title.png in Resources */,
				6A31A24321C46FDC0065EAF8 /* Success Error.jpg in Resources */,
				6A31A24121C46FD40065EAF8 /* Error Code.jpg in Resources */,
				6AB631FF21B5D51100075BAA /* LaunchScreen.storyboard in Resources */,
				6A2E34E121B610DB002E2344 /* NF Title.png in Resources */,
				6AB631FC21B5D51100075BAA /* Assets.xcassets in Resources */,
				6A31A24521C476AB0065EAF8 /* App Background Update.jpeg in Resources */,
				6A2E34E521B61E63002E2344 /* Password Icon.png in Resources */,
				6AB631FA21B5D50F00075BAA /* Main.storyboard in Resources */,
			);
			runOnlyForDeploymentPostprocessing = 0;
		};
/* End PBXResourcesBuildPhase section */

/* Begin PBXShellScriptBuildPhase section */
		2C69A0F3D62D93E57D4B89C1 /* [CP] Copy Pods Resources */ = {
			isa = PBXShellScriptBuildPhase;
			buildActionMask = 2147483647;
			files = (
			);
			inputPaths = (
				"${SRCROOT}/Pods/Target Support Files/Pods-NF Messaging/Pods-NF Messaging-resources.sh",
				"${PODS_CONFIGURATION_BUILD_DIR}/FirebaseFirestore/gRPCCertificates-Firestore.bundle",
			);
			name = "[CP] Copy Pods Resources";
			outputPaths = (
				"${TARGET_BUILD_DIR}/${UNLOCALIZED_RESOURCES_FOLDER_PATH}/gRPCCertificates-Firestore.bundle",
			);
			runOnlyForDeploymentPostprocessing = 0;
			shellPath = /bin/sh;
			shellScript = "\"${SRCROOT}/Pods/Target Support Files/Pods-NF Messaging/Pods-NF Messaging-resources.sh\"\n";
			showEnvVarsInLog = 0;
		};
		39DA1FAFF6294C13784844CD /* [CP] Embed Pods Frameworks */ = {
			isa = PBXShellScriptBuildPhase;
			buildActionMask = 2147483647;
			files = (
			);
			inputPaths = (
				"${SRCROOT}/Pods/Target Support Files/Pods-NF Messaging/Pods-NF Messaging-frameworks.sh",
				"${BUILT_PRODUCTS_DIR}/BoringSSL/openssl.framework",
				"${BUILT_PRODUCTS_DIR}/DynamicBlurView/DynamicBlurView.framework",
				"${BUILT_PRODUCTS_DIR}/GTMSessionFetcher/GTMSessionFetcher.framework",
				"${BUILT_PRODUCTS_DIR}/GoogleUtilities/GoogleUtilities.framework",
				"${BUILT_PRODUCTS_DIR}/PopupDialog/PopupDialog.framework",
				"${BUILT_PRODUCTS_DIR}/Protobuf/Protobuf.framework",
				"${BUILT_PRODUCTS_DIR}/SkyFloatingLabelTextField/SkyFloatingLabelTextField.framework",
				"${BUILT_PRODUCTS_DIR}/gRPC-C++/grpcpp.framework",
				"${BUILT_PRODUCTS_DIR}/gRPC-Core/grpc.framework",
				"${BUILT_PRODUCTS_DIR}/leveldb-library/leveldb.framework",
				"${BUILT_PRODUCTS_DIR}/nanopb/nanopb.framework",
			);
			name = "[CP] Embed Pods Frameworks";
			outputPaths = (
				"${TARGET_BUILD_DIR}/${FRAMEWORKS_FOLDER_PATH}/openssl.framework",
				"${TARGET_BUILD_DIR}/${FRAMEWORKS_FOLDER_PATH}/DynamicBlurView.framework",
				"${TARGET_BUILD_DIR}/${FRAMEWORKS_FOLDER_PATH}/GTMSessionFetcher.framework",
				"${TARGET_BUILD_DIR}/${FRAMEWORKS_FOLDER_PATH}/GoogleUtilities.framework",
				"${TARGET_BUILD_DIR}/${FRAMEWORKS_FOLDER_PATH}/PopupDialog.framework",
				"${TARGET_BUILD_DIR}/${FRAMEWORKS_FOLDER_PATH}/Protobuf.framework",
				"${TARGET_BUILD_DIR}/${FRAMEWORKS_FOLDER_PATH}/SkyFloatingLabelTextField.framework",
				"${TARGET_BUILD_DIR}/${FRAMEWORKS_FOLDER_PATH}/grpcpp.framework",
				"${TARGET_BUILD_DIR}/${FRAMEWORKS_FOLDER_PATH}/grpc.framework",
				"${TARGET_BUILD_DIR}/${FRAMEWORKS_FOLDER_PATH}/leveldb.framework",
				"${TARGET_BUILD_DIR}/${FRAMEWORKS_FOLDER_PATH}/nanopb.framework",
			);
			runOnlyForDeploymentPostprocessing = 0;
			shellPath = /bin/sh;
			shellScript = "\"${SRCROOT}/Pods/Target Support Files/Pods-NF Messaging/Pods-NF Messaging-frameworks.sh\"\n";
			showEnvVarsInLog = 0;
		};
		EBB703796FFC83ABE8893EB4 /* [CP] Check Pods Manifest.lock */ = {
			isa = PBXShellScriptBuildPhase;
			buildActionMask = 2147483647;
			files = (
			);
			inputPaths = (
				"${PODS_PODFILE_DIR_PATH}/Podfile.lock",
				"${PODS_ROOT}/Manifest.lock",
			);
			name = "[CP] Check Pods Manifest.lock";
			outputPaths = (
				"$(DERIVED_FILE_DIR)/Pods-NF Messaging-checkManifestLockResult.txt",
			);
			runOnlyForDeploymentPostprocessing = 0;
			shellPath = /bin/sh;
			shellScript = "diff \"${PODS_PODFILE_DIR_PATH}/Podfile.lock\" \"${PODS_ROOT}/Manifest.lock\" > /dev/null\nif [ $? != 0 ] ; then\n    # print error to STDERR\n    echo \"error: The sandbox is not in sync with the Podfile.lock. Run 'pod install' or update your CocoaPods installation.\" >&2\n    exit 1\nfi\n# This output is used by Xcode 'outputs' to avoid re-running this script phase.\necho \"SUCCESS\" > \"${SCRIPT_OUTPUT_FILE_0}\"\n";
			showEnvVarsInLog = 0;
		};
/* End PBXShellScriptBuildPhase section */

/* Begin PBXSourcesBuildPhase section */
		6AB631ED21B5D50F00075BAA /* Sources */ = {
			isa = PBXSourcesBuildPhase;
			buildActionMask = 2147483647;
			files = (
				6A31A23721C2E9AB0065EAF8 /* Alert.swift in Sources */,
				6AB631F521B5D50F00075BAA /* AppDelegate.swift in Sources */,
				6A2E34EB21B62E92002E2344 /* HomeScreen.swift in Sources */,
				6A2CE61A21B75EB0004AC951 /* messageDetailCell.swift in Sources */,
				6A2E34E721B62E33002E2344 /* ForgotPasswordScreen.swift in Sources */,
				6A2E34D021B5E180002E2344 /* LoginScreen.swift in Sources */,
				6A2E34E921B62E54002E2344 /* CreatAccountScreen.swift in Sources */,
				6A2CE61E21B7CC2C004AC951 /* Compose.swift in Sources */,
				6A2CE61C21B760A4004AC951 /* MessageDetail.swift in Sources */,
			);
			runOnlyForDeploymentPostprocessing = 0;
		};
/* End PBXSourcesBuildPhase section */

/* Begin PBXVariantGroup section */
		6AB631F821B5D50F00075BAA /* Main.storyboard */ = {
			isa = PBXVariantGroup;
			children = (
				6AB631F921B5D50F00075BAA /* Base */,
			);
			name = Main.storyboard;
			sourceTree = "<group>";
		};
		6AB631FD21B5D51100075BAA /* LaunchScreen.storyboard */ = {
			isa = PBXVariantGroup;
			children = (
				6AB631FE21B5D51100075BAA /* Base */,
			);
			name = LaunchScreen.storyboard;
			sourceTree = "<group>";
		};
/* End PBXVariantGroup section */

/* Begin XCBuildConfiguration section */
		6AB6320121B5D51100075BAA /* Debug */ = {
			isa = XCBuildConfiguration;
			buildSettings = {
				ALWAYS_SEARCH_USER_PATHS = NO;
				CLANG_ANALYZER_NONNULL = YES;
				CLANG_ANALYZER_NUMBER_OBJECT_CONVERSION = YES_AGGRESSIVE;
				CLANG_CXX_LANGUAGE_STANDARD = "gnu++14";
				CLANG_CXX_LIBRARY = "libc++";
				CLANG_ENABLE_MODULES = YES;
				CLANG_ENABLE_OBJC_ARC = YES;
				CLANG_ENABLE_OBJC_WEAK = YES;
				CLANG_WARN_BLOCK_CAPTURE_AUTORELEASING = YES;
				CLANG_WARN_BOOL_CONVERSION = YES;
				CLANG_WARN_COMMA = YES;
				CLANG_WARN_CONSTANT_CONVERSION = YES;
				CLANG_WARN_DEPRECATED_OBJC_IMPLEMENTATIONS = YES;
				CLANG_WARN_DIRECT_OBJC_ISA_USAGE = YES_ERROR;
				CLANG_WARN_DOCUMENTATION_COMMENTS = YES;
				CLANG_WARN_EMPTY_BODY = YES;
				CLANG_WARN_ENUM_CONVERSION = YES;
				CLANG_WARN_INFINITE_RECURSION = YES;
				CLANG_WARN_INT_CONVERSION = YES;
				CLANG_WARN_NON_LITERAL_NULL_CONVERSION = YES;
				CLANG_WARN_OBJC_IMPLICIT_RETAIN_SELF = YES;
				CLANG_WARN_OBJC_LITERAL_CONVERSION = YES;
				CLANG_WARN_OBJC_ROOT_CLASS = YES_ERROR;
				CLANG_WARN_RANGE_LOOP_ANALYSIS = YES;
				CLANG_WARN_STRICT_PROTOTYPES = YES;
				CLANG_WARN_SUSPICIOUS_MOVE = YES;
				CLANG_WARN_UNGUARDED_AVAILABILITY = YES_AGGRESSIVE;
				CLANG_WARN_UNREACHABLE_CODE = YES;
				CLANG_WARN__DUPLICATE_METHOD_MATCH = YES;
				CODE_SIGN_IDENTITY = "iPhone Developer";
				COPY_PHASE_STRIP = NO;
				DEBUG_INFORMATION_FORMAT = dwarf;
				ENABLE_STRICT_OBJC_MSGSEND = YES;
				ENABLE_TESTABILITY = YES;
				GCC_C_LANGUAGE_STANDARD = gnu11;
				GCC_DYNAMIC_NO_PIC = NO;
				GCC_NO_COMMON_BLOCKS = YES;
				GCC_OPTIMIZATION_LEVEL = 0;
				GCC_PREPROCESSOR_DEFINITIONS = (
					"DEBUG=1",
					"$(inherited)",
				);
				GCC_WARN_64_TO_32_BIT_CONVERSION = YES;
				GCC_WARN_ABOUT_RETURN_TYPE = YES_ERROR;
				GCC_WARN_UNDECLARED_SELECTOR = YES;
				GCC_WARN_UNINITIALIZED_AUTOS = YES_AGGRESSIVE;
				GCC_WARN_UNUSED_FUNCTION = YES;
				GCC_WARN_UNUSED_VARIABLE = YES;
				IPHONEOS_DEPLOYMENT_TARGET = 12.1;
				MTL_ENABLE_DEBUG_INFO = INCLUDE_SOURCE;
				MTL_FAST_MATH = YES;
				ONLY_ACTIVE_ARCH = YES;
				SDKROOT = iphoneos;
				SWIFT_ACTIVE_COMPILATION_CONDITIONS = DEBUG;
				SWIFT_OPTIMIZATION_LEVEL = "-Onone";
			};
			name = Debug;
		};
		6AB6320221B5D51100075BAA /* Release */ = {
			isa = XCBuildConfiguration;
			buildSettings = {
				ALWAYS_SEARCH_USER_PATHS = NO;
				CLANG_ANALYZER_NONNULL = YES;
				CLANG_ANALYZER_NUMBER_OBJECT_CONVERSION = YES_AGGRESSIVE;
				CLANG_CXX_LANGUAGE_STANDARD = "gnu++14";
				CLANG_CXX_LIBRARY = "libc++";
				CLANG_ENABLE_MODULES = YES;
				CLANG_ENABLE_OBJC_ARC = YES;
				CLANG_ENABLE_OBJC_WEAK = YES;
				CLANG_WARN_BLOCK_CAPTURE_AUTORELEASING = YES;
				CLANG_WARN_BOOL_CONVERSION = YES;
				CLANG_WARN_COMMA = YES;
				CLANG_WARN_CONSTANT_CONVERSION = YES;
				CLANG_WARN_DEPRECATED_OBJC_IMPLEMENTATIONS = YES;
				CLANG_WARN_DIRECT_OBJC_ISA_USAGE = YES_ERROR;
				CLANG_WARN_DOCUMENTATION_COMMENTS = YES;
				CLANG_WARN_EMPTY_BODY = YES;
				CLANG_WARN_ENUM_CONVERSION = YES;
				CLANG_WARN_INFINITE_RECURSION = YES;
				CLANG_WARN_INT_CONVERSION = YES;
				CLANG_WARN_NON_LITERAL_NULL_CONVERSION = YES;
				CLANG_WARN_OBJC_IMPLICIT_RETAIN_SELF = YES;
				CLANG_WARN_OBJC_LITERAL_CONVERSION = YES;
				CLANG_WARN_OBJC_ROOT_CLASS = YES_ERROR;
				CLANG_WARN_RANGE_LOOP_ANALYSIS = YES;
				CLANG_WARN_STRICT_PROTOTYPES = YES;
				CLANG_WARN_SUSPICIOUS_MOVE = YES;
				CLANG_WARN_UNGUARDED_AVAILABILITY = YES_AGGRESSIVE;
				CLANG_WARN_UNREACHABLE_CODE = YES;
				CLANG_WARN__DUPLICATE_METHOD_MATCH = YES;
				CODE_SIGN_IDENTITY = "iPhone Developer";
				COPY_PHASE_STRIP = NO;
				DEBUG_INFORMATION_FORMAT = "dwarf-with-dsym";
				ENABLE_NS_ASSERTIONS = NO;
				ENABLE_STRICT_OBJC_MSGSEND = YES;
				GCC_C_LANGUAGE_STANDARD = gnu11;
				GCC_NO_COMMON_BLOCKS = YES;
				GCC_WARN_64_TO_32_BIT_CONVERSION = YES;
				GCC_WARN_ABOUT_RETURN_TYPE = YES_ERROR;
				GCC_WARN_UNDECLARED_SELECTOR = YES;
				GCC_WARN_UNINITIALIZED_AUTOS = YES_AGGRESSIVE;
				GCC_WARN_UNUSED_FUNCTION = YES;
				GCC_WARN_UNUSED_VARIABLE = YES;
				IPHONEOS_DEPLOYMENT_TARGET = 12.1;
				MTL_ENABLE_DEBUG_INFO = NO;
				MTL_FAST_MATH = YES;
				SDKROOT = iphoneos;
				SWIFT_COMPILATION_MODE = wholemodule;
				SWIFT_OPTIMIZATION_LEVEL = "-O";
				VALIDATE_PRODUCT = YES;
			};
			name = Release;
		};
		6AB6320421B5D51100075BAA /* Debug */ = {
			isa = XCBuildConfiguration;
			baseConfigurationReference = 8816DE527EF73854B129F65E /* Pods-NF Messaging.debug.xcconfig */;
			buildSettings = {
				ASSETCATALOG_COMPILER_APPICON_NAME = AppIcon;
				CODE_SIGN_STYLE = Automatic;
				DEVELOPMENT_TEAM = J9S8P7XX49;
				INFOPLIST_FILE = "NF Messaging/Info.plist";
				IPHONEOS_DEPLOYMENT_TARGET = 12.1;
				LD_RUNPATH_SEARCH_PATHS = (
					"$(inherited)",
					"@executable_path/Frameworks",
				);
				PRODUCT_BUNDLE_IDENTIFIER = "com.NolanFuchs.NF-Messaging";
				PRODUCT_NAME = "$(TARGET_NAME)";
				SWIFT_VERSION = 4.2;
				TARGETED_DEVICE_FAMILY = 1;
			};
			name = Debug;
		};
		6AB6320521B5D51100075BAA /* Release */ = {
			isa = XCBuildConfiguration;
			baseConfigurationReference = F6F5F932B6D3A8B556525CB4 /* Pods-NF Messaging.release.xcconfig */;
			buildSettings = {
				ASSETCATALOG_COMPILER_APPICON_NAME = AppIcon;
				CODE_SIGN_STYLE = Automatic;
				DEVELOPMENT_TEAM = J9S8P7XX49;
				INFOPLIST_FILE = "NF Messaging/Info.plist";
				IPHONEOS_DEPLOYMENT_TARGET = 12.1;
				LD_RUNPATH_SEARCH_PATHS = (
					"$(inherited)",
					"@executable_path/Frameworks",
				);
				PRODUCT_BUNDLE_IDENTIFIER = "com.NolanFuchs.NF-Messaging";
				PRODUCT_NAME = "$(TARGET_NAME)";
				SWIFT_VERSION = 4.2;
				TARGETED_DEVICE_FAMILY = 1;
			};
			name = Release;
		};
/* End XCBuildConfiguration section */

/* Begin XCConfigurationList section */
		6AB631EC21B5D50F00075BAA /* Build configuration list for PBXProject "NF Messaging" */ = {
			isa = XCConfigurationList;
			buildConfigurations = (
				6AB6320121B5D51100075BAA /* Debug */,
				6AB6320221B5D51100075BAA /* Release */,
			);
			defaultConfigurationIsVisible = 0;
			defaultConfigurationName = Release;
		};
		6AB6320321B5D51100075BAA /* Build configuration list for PBXNativeTarget "NF Messaging" */ = {
			isa = XCConfigurationList;
			buildConfigurations = (
				6AB6320421B5D51100075BAA /* Debug */,
				6AB6320521B5D51100075BAA /* Release */,
			);
			defaultConfigurationIsVisible = 0;
			defaultConfigurationName = Release;
		};
/* End XCConfigurationList section */
	};
	rootObject = 6AB631E921B5D50F00075BAA /* Project object */;
}
